
Microsoft Visual Studio Solution File, Format Version 12.00
# Visual Studio Version 16
VisualStudioVersion = 16.0.29613.14
MinimumVisualStudioVersion = 10.0.40219.1
Project("{FAE04EC0-301F-11D3-BF4B-00C04F79EFBC}") = "SuperHax", "SuperHax\SuperHax.csproj", "{1A36E1C0-E72B-45E6-9AF0-CE563139A11F}"
EndProject
Global
	GlobalSection(SolutionConfigurationPlatforms) = preSolution
		Debug|Any CPU = Debug|Any CPU
		Release|Any CPU = Release|Any CPU
	EndGlobalSection
	GlobalSection(ProjectConfigurationPlatforms) = postSolution
		{1A36E1C0-E72B-45E6-9AF0-CE563139A11F}.Debug|Any CPU.ActiveCfg = Debug|Any CPU
		{1A36E1C0-E72B-45E6-9AF0-CE563139A11F}.Debug|Any CPU.Build.0 = Debug|Any CPU
		{1A36E1C0-E72B-45E6-9AF0-CE563139A11F}.Release|Any CPU.ActiveCfg = Release|Any CPU
		{1A36E1C0-E72B-45E6-9AF0-CE563139A11F}.Release|Any CPU.Build.0 = Release|Any CPU
	EndGlobalSection
	GlobalSection(SolutionProperties) = preSolution
		HideSolutionNode = FALSE
	EndGlobalSection
	GlobalSection(ExtensibilityGlobals) = postSolution
		SolutionGuid = {4DED4621-AABD-4061-ACA6-F31711B9F87B}
	EndGlobalSection
EndGlobal
